
Microsoft Visual Studio Solution File, Format Version 12.00
# Visual Studio 15
VisualStudioVersion = 15.0.26124.0
MinimumVisualStudioVersion = 15.0.26124.0
Project("{FAE04EC0-301F-11D3-BF4B-00C04F79EFBC}") = "Domain", "Domain\Domain.csproj", "{08BD47A2-7503-4B86-8850-B5E904B875FE}"
EndProject
Project("{FAE04EC0-301F-11D3-BF4B-00C04F79EFBC}") = "Application", "Application\Application.csproj", "{63ACC6E4-CC83-4CF4-BC58-9D3FF2776D45}"
EndProject
Project("{FAE04EC0-301F-11D3-BF4B-00C04F79EFBC}") = "Persistence", "Persistence\Persistence.csproj", "{0BFFDAA2-4667-479E-A511-76FACC52E0B9}"
EndProject
Project("{FAE04EC0-301F-11D3-BF4B-00C04F79EFBC}") = "API", "API\API.csproj", "{0C123292-3744-4DBB-82E6-79A96450C6C5}"
EndProject
Global
	GlobalSection(SolutionConfigurationPlatforms) = preSolution
		Debug|Any CPU = Debug|Any CPU
		Debug|x64 = Debug|x64
		Debug|x86 = Debug|x86
		Release|Any CPU = Release|Any CPU
		Release|x64 = Release|x64
		Release|x86 = Release|x86
	EndGlobalSection
	GlobalSection(SolutionProperties) = preSolution
		HideSolutionNode = FALSE
	EndGlobalSection
	GlobalSection(ProjectConfigurationPlatforms) = postSolution
		{08BD47A2-7503-4B86-8850-B5E904B875FE}.Debug|Any CPU.ActiveCfg = Debug|Any CPU
		{08BD47A2-7503-4B86-8850-B5E904B875FE}.Debug|Any CPU.Build.0 = Debug|Any CPU
		{08BD47A2-7503-4B86-8850-B5E904B875FE}.Debug|x64.ActiveCfg = Debug|Any CPU
		{08BD47A2-7503-4B86-8850-B5E904B875FE}.Debug|x64.Build.0 = Debug|Any CPU
		{08BD47A2-7503-4B86-8850-B5E904B875FE}.Debug|x86.ActiveCfg = Debug|Any CPU
		{08BD47A2-7503-4B86-8850-B5E904B875FE}.Debug|x86.Build.0 = Debug|Any CPU
		{08BD47A2-7503-4B86-8850-B5E904B875FE}.Release|Any CPU.ActiveCfg = Release|Any CPU
		{08BD47A2-7503-4B86-8850-B5E904B875FE}.Release|Any CPU.Build.0 = Release|Any CPU
		{08BD47A2-7503-4B86-8850-B5E904B875FE}.Release|x64.ActiveCfg = Release|Any CPU
		{08BD47A2-7503-4B86-8850-B5E904B875FE}.Release|x64.Build.0 = Release|Any CPU
		{08BD47A2-7503-4B86-8850-B5E904B875FE}.Release|x86.ActiveCfg = Release|Any CPU
		{08BD47A2-7503-4B86-8850-B5E904B875FE}.Release|x86.Build.0 = Release|Any CPU
		{63ACC6E4-CC83-4CF4-BC58-9D3FF2776D45}.Debug|Any CPU.ActiveCfg = Debug|Any CPU
		{63ACC6E4-CC83-4CF4-BC58-9D3FF2776D45}.Debug|Any CPU.Build.0 = Debug|Any CPU
		{63ACC6E4-CC83-4CF4-BC58-9D3FF2776D45}.Debug|x64.ActiveCfg = Debug|Any CPU
		{63ACC6E4-CC83-4CF4-BC58-9D3FF2776D45}.Debug|x64.Build.0 = Debug|Any CPU
		{63ACC6E4-CC83-4CF4-BC58-9D3FF2776D45}.Debug|x86.ActiveCfg = Debug|Any CPU
		{63ACC6E4-CC83-4CF4-BC58-9D3FF2776D45}.Debug|x86.Build.0 = Debug|Any CPU
		{63ACC6E4-CC83-4CF4-BC58-9D3FF2776D45}.Release|Any CPU.ActiveCfg = Release|Any CPU
		{63ACC6E4-CC83-4CF4-BC58-9D3FF2776D45}.Release|Any CPU.Build.0 = Release|Any CPU
		{63ACC6E4-CC83-4CF4-BC58-9D3FF2776D45}.Release|x64.ActiveCfg = Release|Any CPU
		{63ACC6E4-CC83-4CF4-BC58-9D3FF2776D45}.Release|x64.Build.0 = Release|Any CPU
		{63ACC6E4-CC83-4CF4-BC58-9D3FF2776D45}.Release|x86.ActiveCfg = Release|Any CPU
		{63ACC6E4-CC83-4CF4-BC58-9D3FF2776D45}.Release|x86.Build.0 = Release|Any CPU
		{0BFFDAA2-4667-479E-A511-76FACC52E0B9}.Debug|Any CPU.ActiveCfg = Debug|Any CPU
		{0BFFDAA2-4667-479E-A511-76FACC52E0B9}.Debug|Any CPU.Build.0 = Debug|Any CPU
		{0BFFDAA2-4667-479E-A511-76FACC52E0B9}.Debug|x64.ActiveCfg = Debug|Any CPU
		{0BFFDAA2-4667-479E-A511-76FACC52E0B9}.Debug|x64.Build.0 = Debug|Any CPU
		{0BFFDAA2-4667-479E-A511-76FACC52E0B9}.Debug|x86.ActiveCfg = Debug|Any CPU
		{0BFFDAA2-4667-479E-A511-76FACC52E0B9}.Debug|x86.Build.0 = Debug|Any CPU
		{0BFFDAA2-4667-479E-A511-76FACC52E0B9}.Release|Any CPU.ActiveCfg = Release|Any CPU
		{0BFFDAA2-4667-479E-A511-76FACC52E0B9}.Release|Any CPU.Build.0 = Release|Any CPU
		{0BFFDAA2-4667-479E-A511-76FACC52E0B9}.Release|x64.ActiveCfg = Release|Any CPU
		{0BFFDAA2-4667-479E-A511-76FACC52E0B9}.Release|x64.Build.0 = Release|Any CPU
		{0BFFDAA2-4667-479E-A511-76FACC52E0B9}.Release|x86.ActiveCfg = Release|Any CPU
		{0BFFDAA2-4667-479E-A511-76FACC52E0B9}.Release|x86.Build.0 = Release|Any CPU
		{0C123292-3744-4DBB-82E6-79A96450C6C5}.Debug|Any CPU.ActiveCfg = Debug|Any CPU
		{0C123292-3744-4DBB-82E6-79A96450C6C5}.Debug|Any CPU.Build.0 = Debug|Any CPU
		{0C123292-3744-4DBB-82E6-79A96450C6C5}.Debug|x64.ActiveCfg = Debug|Any CPU
		{0C123292-3744-4DBB-82E6-79A96450C6C5}.Debug|x64.Build.0 = Debug|Any CPU
		{0C123292-3744-4DBB-82E6-79A96450C6C5}.Debug|x86.ActiveCfg = Debug|Any CPU
		{0C123292-3744-4DBB-82E6-79A96450C6C5}.Debug|x86.Build.0 = Debug|Any CPU
		{0C123292-3744-4DBB-82E6-79A96450C6C5}.Release|Any CPU.ActiveCfg = Release|Any CPU
		{0C123292-3744-4DBB-82E6-79A96450C6C5}.Release|Any CPU.Build.0 = Release|Any CPU
		{0C123292-3744-4DBB-82E6-79A96450C6C5}.Release|x64.ActiveCfg = Release|Any CPU
		{0C123292-3744-4DBB-82E6-79A96450C6C5}.Release|x64.Build.0 = Release|Any CPU
		{0C123292-3744-4DBB-82E6-79A96450C6C5}.Release|x86.ActiveCfg = Release|Any CPU
		{0C123292-3744-4DBB-82E6-79A96450C6C5}.Release|x86.Build.0 = Release|Any CPU
	EndGlobalSection
EndGlobal
